
Microsoft Visual Studio Solution File, Format Version 12.00
Project("{FAE04EC0-301F-11D3-BF4B-00C04F79EFBC}") = "Unit Converter", "Unit Converter\Unit Converter.csproj", "{E8FC792F-306E-477A-8525-D5F10237D926}"
EndProject
Global
	GlobalSection(SolutionConfigurationPlatforms) = preSolution
		Debug|Any CPU = Debug|Any CPU
		Release|Any CPU = Release|Any CPU
	EndGlobalSection
	GlobalSection(ProjectConfigurationPlatforms) = postSolution
		{E8FC792F-306E-477A-8525-D5F10237D926}.Debug|Any CPU.ActiveCfg = Debug|Any CPU
		{E8FC792F-306E-477A-8525-D5F10237D926}.Debug|Any CPU.Build.0 = Debug|Any CPU
		{E8FC792F-306E-477A-8525-D5F10237D926}.Release|Any CPU.ActiveCfg = Release|Any CPU
		{E8FC792F-306E-477A-8525-D5F10237D926}.Release|Any CPU.Build.0 = Release|Any CPU
	EndGlobalSection
EndGlobal
